
Microsoft Visual Studio Solution File, Format Version 12.00
# Visual Studio Version 16
VisualStudioVersion = 16.0.29020.237
MinimumVisualStudioVersion = 10.0.40219.1
Project("{9A19103F-16F7-4668-BE54-9A1E7A4F7556}") = "XYS.Blog.Domain", "src\XYS.Blog.Domain\XYS.Blog.Domain.csproj", "{554AD327-6DBA-4F8F-96F8-81CE7A0C863F}"
EndProject
Project("{9A19103F-16F7-4668-BE54-9A1E7A4F7556}") = "XYS.Blog.Application", "src\XYS.Blog.Application\XYS.Blog.Application.csproj", "{1A94A50E-06DC-43C1-80B5-B662820EC3EB}"
EndProject
Project("{9A19103F-16F7-4668-BE54-9A1E7A4F7556}") = "XYS.Blog.EntityFrameworkCore", "src\XYS.Blog.EntityFrameworkCore\XYS.Blog.EntityFrameworkCore.csproj", "{C956DD76-69C8-4A9C-83EA-D17DF83340FD}"
EndProject
Project("{2150E333-8FDC-42A3-9474-1A3956D46DE8}") = "src", "src", "{CA9AC87F-097E-4F15-8393-4BC07735A5B0}"
EndProject
Project("{9A19103F-16F7-4668-BE54-9A1E7A4F7556}") = "XYS.Blog.EntityFrameworkCore.DbMigrations", "src\XYS.Blog.EntityFrameworkCore.DbMigrations\XYS.Blog.EntityFrameworkCore.DbMigrations.csproj", "{0372FA84-C517-4EB3-9A9F-B9ACAC0CA5E0}"
EndProject
Project("{9A19103F-16F7-4668-BE54-9A1E7A4F7556}") = "XYS.Blog.Domain.Shared", "src\XYS.Blog.Domain.Shared\XYS.Blog.Domain.Shared.csproj", "{42F719ED-8413-4895-B5B4-5AB56079BC66}"
EndProject
Project("{9A19103F-16F7-4668-BE54-9A1E7A4F7556}") = "XYS.Blog.Application.Contracts", "src\XYS.Blog.Application.Contracts\XYS.Blog.Application.Contracts.csproj", "{520659C8-C734-4298-A3DA-B539DB9DFC0B}"
EndProject
Project("{9A19103F-16F7-4668-BE54-9A1E7A4F7556}") = "XYS.Blog.HttpApi", "src\XYS.Blog.HttpApi\XYS.Blog.HttpApi.csproj", "{4164BDF7-F527-4E85-9CE6-E3C2D7426A27}"
EndProject
Project("{2150E333-8FDC-42A3-9474-1A3956D46DE8}") = "solution-items", "solution-items", "{9178BA36-E3FD-46C9-940F-27046229A674}"
	ProjectSection(SolutionItems) = preProject
		common.props = common.props
		LICENSE = LICENSE
		README.md = README.md
	EndProjectSection
EndProject
Project("{9A19103F-16F7-4668-BE54-9A1E7A4F7556}") = "XYS.Blog.ToolKits", "src\XYS.Blog.ToolKits\XYS.Blog.ToolKits.csproj", "{4A7894DA-24A8-4A6F-877C-AFAE29C780D0}"
EndProject
Project("{9A19103F-16F7-4668-BE54-9A1E7A4F7556}") = "XYS.Blog.Swagger", "src\XYS.Blog.Swagger\XYS.Blog.Swagger.csproj", "{5BB002FE-FA0B-4BDF-A907-8435D31BB292}"
EndProject
Project("{9A19103F-16F7-4668-BE54-9A1E7A4F7556}") = "XYS.Blog.Application.Caching", "src\XYS.Blog.Application.Caching\XYS.Blog.Application.Caching.csproj", "{F0EE6064-E8C3-4E42-9394-3EDEB40E02EA}"
EndProject
Project("{9A19103F-16F7-4668-BE54-9A1E7A4F7556}") = "XYS.Blog.BackgroundJobs", "src\XYS.Blog.BackgroundJobs\XYS.Blog.BackgroundJobs.csproj", "{5EA7A08B-2C69-4D10-980C-518F5AEECEDF}"
EndProject
Project("{9A19103F-16F7-4668-BE54-9A1E7A4F7556}") = "XYS.Blog.HttpApi.Hosting", "src\XYS.Blog.HttpApi.Hosting\XYS.Blog.HttpApi.Hosting.csproj", "{5317877C-8C95-4829-B004-2A0C18910FBC}"
EndProject
Global
	GlobalSection(SolutionConfigurationPlatforms) = preSolution
		Debug|Any CPU = Debug|Any CPU
		Release|Any CPU = Release|Any CPU
	EndGlobalSection
	GlobalSection(ProjectConfigurationPlatforms) = postSolution
		{554AD327-6DBA-4F8F-96F8-81CE7A0C863F}.Debug|Any CPU.ActiveCfg = Debug|Any CPU
		{554AD327-6DBA-4F8F-96F8-81CE7A0C863F}.Debug|Any CPU.Build.0 = Debug|Any CPU
		{554AD327-6DBA-4F8F-96F8-81CE7A0C863F}.Release|Any CPU.ActiveCfg = Release|Any CPU
		{554AD327-6DBA-4F8F-96F8-81CE7A0C863F}.Release|Any CPU.Build.0 = Release|Any CPU
		{1A94A50E-06DC-43C1-80B5-B662820EC3EB}.Debug|Any CPU.ActiveCfg = Debug|Any CPU
		{1A94A50E-06DC-43C1-80B5-B662820EC3EB}.Debug|Any CPU.Build.0 = Debug|Any CPU
		{1A94A50E-06DC-43C1-80B5-B662820EC3EB}.Release|Any CPU.ActiveCfg = Release|Any CPU
		{1A94A50E-06DC-43C1-80B5-B662820EC3EB}.Release|Any CPU.Build.0 = Release|Any CPU
		{C956DD76-69C8-4A9C-83EA-D17DF83340FD}.Debug|Any CPU.ActiveCfg = Debug|Any CPU
		{C956DD76-69C8-4A9C-83EA-D17DF83340FD}.Debug|Any CPU.Build.0 = Debug|Any CPU
		{C956DD76-69C8-4A9C-83EA-D17DF83340FD}.Release|Any CPU.ActiveCfg = Release|Any CPU
		{C956DD76-69C8-4A9C-83EA-D17DF83340FD}.Release|Any CPU.Build.0 = Release|Any CPU
		{0372FA84-C517-4EB3-9A9F-B9ACAC0CA5E0}.Debug|Any CPU.ActiveCfg = Debug|Any CPU
		{0372FA84-C517-4EB3-9A9F-B9ACAC0CA5E0}.Debug|Any CPU.Build.0 = Debug|Any CPU
		{0372FA84-C517-4EB3-9A9F-B9ACAC0CA5E0}.Release|Any CPU.ActiveCfg = Release|Any CPU
		{0372FA84-C517-4EB3-9A9F-B9ACAC0CA5E0}.Release|Any CPU.Build.0 = Release|Any CPU
		{42F719ED-8413-4895-B5B4-5AB56079BC66}.Debug|Any CPU.ActiveCfg = Debug|Any CPU
		{42F719ED-8413-4895-B5B4-5AB56079BC66}.Debug|Any CPU.Build.0 = Debug|Any CPU
		{42F719ED-8413-4895-B5B4-5AB56079BC66}.Release|Any CPU.ActiveCfg = Release|Any CPU
		{42F719ED-8413-4895-B5B4-5AB56079BC66}.Release|Any CPU.Build.0 = Release|Any CPU
		{520659C8-C734-4298-A3DA-B539DB9DFC0B}.Debug|Any CPU.ActiveCfg = Debug|Any CPU
		{520659C8-C734-4298-A3DA-B539DB9DFC0B}.Debug|Any CPU.Build.0 = Debug|Any CPU
		{520659C8-C734-4298-A3DA-B539DB9DFC0B}.Release|Any CPU.ActiveCfg = Release|Any CPU
		{520659C8-C734-4298-A3DA-B539DB9DFC0B}.Release|Any CPU.Build.0 = Release|Any CPU
		{4164BDF7-F527-4E85-9CE6-E3C2D7426A27}.Debug|Any CPU.ActiveCfg = Debug|Any CPU
		{4164BDF7-F527-4E85-9CE6-E3C2D7426A27}.Debug|Any CPU.Build.0 = Debug|Any CPU
		{4164BDF7-F527-4E85-9CE6-E3C2D7426A27}.Release|Any CPU.ActiveCfg = Release|Any CPU
		{4164BDF7-F527-4E85-9CE6-E3C2D7426A27}.Release|Any CPU.Build.0 = Release|Any CPU
		{4A7894DA-24A8-4A6F-877C-AFAE29C780D0}.Debug|Any CPU.ActiveCfg = Debug|Any CPU
		{4A7894DA-24A8-4A6F-877C-AFAE29C780D0}.Debug|Any CPU.Build.0 = Debug|Any CPU
		{4A7894DA-24A8-4A6F-877C-AFAE29C780D0}.Release|Any CPU.ActiveCfg = Release|Any CPU
		{4A7894DA-24A8-4A6F-877C-AFAE29C780D0}.Release|Any CPU.Build.0 = Release|Any CPU
		{5BB002FE-FA0B-4BDF-A907-8435D31BB292}.Debug|Any CPU.ActiveCfg = Debug|Any CPU
		{5BB002FE-FA0B-4BDF-A907-8435D31BB292}.Debug|Any CPU.Build.0 = Debug|Any CPU
		{5BB002FE-FA0B-4BDF-A907-8435D31BB292}.Release|Any CPU.ActiveCfg = Release|Any CPU
		{5BB002FE-FA0B-4BDF-A907-8435D31BB292}.Release|Any CPU.Build.0 = Release|Any CPU
		{F0EE6064-E8C3-4E42-9394-3EDEB40E02EA}.Debug|Any CPU.ActiveCfg = Debug|Any CPU
		{F0EE6064-E8C3-4E42-9394-3EDEB40E02EA}.Debug|Any CPU.Build.0 = Debug|Any CPU
		{F0EE6064-E8C3-4E42-9394-3EDEB40E02EA}.Release|Any CPU.ActiveCfg = Release|Any CPU
		{F0EE6064-E8C3-4E42-9394-3EDEB40E02EA}.Release|Any CPU.Build.0 = Release|Any CPU
		{5EA7A08B-2C69-4D10-980C-518F5AEECEDF}.Debug|Any CPU.ActiveCfg = Debug|Any CPU
		{5EA7A08B-2C69-4D10-980C-518F5AEECEDF}.Debug|Any CPU.Build.0 = Debug|Any CPU
		{5EA7A08B-2C69-4D10-980C-518F5AEECEDF}.Release|Any CPU.ActiveCfg = Release|Any CPU
		{5EA7A08B-2C69-4D10-980C-518F5AEECEDF}.Release|Any CPU.Build.0 = Release|Any CPU
		{5317877C-8C95-4829-B004-2A0C18910FBC}.Debug|Any CPU.ActiveCfg = Debug|Any CPU
		{5317877C-8C95-4829-B004-2A0C18910FBC}.Debug|Any CPU.Build.0 = Debug|Any CPU
		{5317877C-8C95-4829-B004-2A0C18910FBC}.Release|Any CPU.ActiveCfg = Release|Any CPU
		{5317877C-8C95-4829-B004-2A0C18910FBC}.Release|Any CPU.Build.0 = Release|Any CPU
	EndGlobalSection
	GlobalSection(SolutionProperties) = preSolution
		HideSolutionNode = FALSE
	EndGlobalSection
	GlobalSection(NestedProjects) = preSolution
		{554AD327-6DBA-4F8F-96F8-81CE7A0C863F} = {CA9AC87F-097E-4F15-8393-4BC07735A5B0}
		{1A94A50E-06DC-43C1-80B5-B662820EC3EB} = {CA9AC87F-097E-4F15-8393-4BC07735A5B0}
		{C956DD76-69C8-4A9C-83EA-D17DF83340FD} = {CA9AC87F-097E-4F15-8393-4BC07735A5B0}
		{0372FA84-C517-4EB3-9A9F-B9ACAC0CA5E0} = {CA9AC87F-097E-4F15-8393-4BC07735A5B0}
		{42F719ED-8413-4895-B5B4-5AB56079BC66} = {CA9AC87F-097E-4F15-8393-4BC07735A5B0}
		{520659C8-C734-4298-A3DA-B539DB9DFC0B} = {CA9AC87F-097E-4F15-8393-4BC07735A5B0}
		{4164BDF7-F527-4E85-9CE6-E3C2D7426A27} = {CA9AC87F-097E-4F15-8393-4BC07735A5B0}
		{4A7894DA-24A8-4A6F-877C-AFAE29C780D0} = {CA9AC87F-097E-4F15-8393-4BC07735A5B0}
		{5BB002FE-FA0B-4BDF-A907-8435D31BB292} = {CA9AC87F-097E-4F15-8393-4BC07735A5B0}
		{F0EE6064-E8C3-4E42-9394-3EDEB40E02EA} = {CA9AC87F-097E-4F15-8393-4BC07735A5B0}
		{5EA7A08B-2C69-4D10-980C-518F5AEECEDF} = {CA9AC87F-097E-4F15-8393-4BC07735A5B0}
		{5317877C-8C95-4829-B004-2A0C18910FBC} = {CA9AC87F-097E-4F15-8393-4BC07735A5B0}
	EndGlobalSection
	GlobalSection(ExtensibilityGlobals) = postSolution
		SolutionGuid = {28315BFD-90E7-4E14-A2EA-F3D23AF4126F}
	EndGlobalSection
EndGlobal
